// !$*UTF8*$!
{
	archiveVersion = 1;
	classes = {
	};
	objectVersion = 46;
	objects = {

/* Begin PBXBuildFile section */
		AE01723F1A65CD8E0014266F /* main.m in Sources */ = {isa = PBXBuildFile; fileRef = AE01723E1A65CD8E0014266F /* main.m */; };
		AE0172421A65CD8E0014266F /* AppDelegate.m in Sources */ = {isa = PBXBuildFile; fileRef = AE0172411A65CD8E0014266F /* AppDelegate.m */; };
		AE0172451A65CD8E0014266F /* Wish.xcdatamodeld in Sources */ = {isa = PBXBuildFile; fileRef = AE0172431A65CD8E0014266F /* Wish.xcdatamodeld */; };
		AE01724D1A65CD8E0014266F /* Images.xcassets in Resources */ = {isa = PBXBuildFile; fileRef = AE01724C1A65CD8E0014266F /* Images.xcassets */; };
		AE01725C1A65CD8F0014266F /* WishTests.m in Sources */ = {isa = PBXBuildFile; fileRef = AE01725B1A65CD8F0014266F /* WishTests.m */; };
		AE0172691A65D3140014266F /* MenuViewController.m in Sources */ = {isa = PBXBuildFile; fileRef = AE0172681A65D3140014266F /* MenuViewController.m */; };
		AE01726A1A65D3140014266F /* MenuViewController.m in Sources */ = {isa = PBXBuildFile; fileRef = AE0172681A65D3140014266F /* MenuViewController.m */; };
		AE1B6E381A6D884F0026F3CE /* HomeCardView.xib in Resources */ = {isa = PBXBuildFile; fileRef = AE1B6E371A6D884F0026F3CE /* HomeCardView.xib */; };
		AE1B6E391A6D884F0026F3CE /* HomeCardView.xib in Resources */ = {isa = PBXBuildFile; fileRef = AE1B6E371A6D884F0026F3CE /* HomeCardView.xib */; };
		AE1B6E3C1A6D89FC0026F3CE /* HomeCardView.m in Sources */ = {isa = PBXBuildFile; fileRef = AE1B6E3B1A6D89FC0026F3CE /* HomeCardView.m */; };
		AE1B6E3D1A6D89FC0026F3CE /* HomeCardView.m in Sources */ = {isa = PBXBuildFile; fileRef = AE1B6E3B1A6D89FC0026F3CE /* HomeCardView.m */; };
		AE72E9551A66F2AA0046B38D /* MenuCell.m in Sources */ = {isa = PBXBuildFile; fileRef = AE72E9541A66F2AA0046B38D /* MenuCell.m */; };
		AEF3E0D31A6D9B7F00A1FE07 /* ZLPanGestureRecognizer.m in Sources */ = {isa = PBXBuildFile; fileRef = AEF3E0D01A6D9B7F00A1FE07 /* ZLPanGestureRecognizer.m */; };
		AEF3E0D41A6D9B7F00A1FE07 /* ZLPanGestureRecognizer.m in Sources */ = {isa = PBXBuildFile; fileRef = AEF3E0D01A6D9B7F00A1FE07 /* ZLPanGestureRecognizer.m */; };
		AEF3E0D51A6D9B7F00A1FE07 /* ZLSwipeableView.m in Sources */ = {isa = PBXBuildFile; fileRef = AEF3E0D21A6D9B7F00A1FE07 /* ZLSwipeableView.m */; };
		AEF3E0D61A6D9B7F00A1FE07 /* ZLSwipeableView.m in Sources */ = {isa = PBXBuildFile; fileRef = AEF3E0D21A6D9B7F00A1FE07 /* ZLSwipeableView.m */; };
		AEF7F2811A686E8A0022410B /* ECPercentDrivenInteractiveTransition.m in Sources */ = {isa = PBXBuildFile; fileRef = AEF7F26F1A686E8A0022410B /* ECPercentDrivenInteractiveTransition.m */; };
		AEF7F2821A686E8A0022410B /* ECPercentDrivenInteractiveTransition.m in Sources */ = {isa = PBXBuildFile; fileRef = AEF7F26F1A686E8A0022410B /* ECPercentDrivenInteractiveTransition.m */; };
		AEF7F2831A686E8A0022410B /* ECSlidingAnimationController.m in Sources */ = {isa = PBXBuildFile; fileRef = AEF7F2711A686E8A0022410B /* ECSlidingAnimationController.m */; };
		AEF7F2841A686E8A0022410B /* ECSlidingAnimationController.m in Sources */ = {isa = PBXBuildFile; fileRef = AEF7F2711A686E8A0022410B /* ECSlidingAnimationController.m */; };
		AEF7F2851A686E8A0022410B /* ECSlidingInteractiveTransition.m in Sources */ = {isa = PBXBuildFile; fileRef = AEF7F2741A686E8A0022410B /* ECSlidingInteractiveTransition.m */; };
		AEF7F2861A686E8A0022410B /* ECSlidingInteractiveTransition.m in Sources */ = {isa = PBXBuildFile; fileRef = AEF7F2741A686E8A0022410B /* ECSlidingInteractiveTransition.m */; };
		AEF7F2871A686E8A0022410B /* ECSlidingSegue.m in Sources */ = {isa = PBXBuildFile; fileRef = AEF7F2761A686E8A0022410B /* ECSlidingSegue.m */; };
		AEF7F2881A686E8A0022410B /* ECSlidingSegue.m in Sources */ = {isa = PBXBuildFile; fileRef = AEF7F2761A686E8A0022410B /* ECSlidingSegue.m */; };
		AEF7F2891A686E8A0022410B /* ECSlidingViewController.m in Sources */ = {isa = PBXBuildFile; fileRef = AEF7F2781A686E8A0022410B /* ECSlidingViewController.m */; };
		AEF7F28A1A686E8B0022410B /* ECSlidingViewController.m in Sources */ = {isa = PBXBuildFile; fileRef = AEF7F2781A686E8A0022410B /* ECSlidingViewController.m */; };
		AEF7F28B1A686E8B0022410B /* UIViewController+ECSlidingViewController.m in Sources */ = {isa = PBXBuildFile; fileRef = AEF7F27A1A686E8A0022410B /* UIViewController+ECSlidingViewController.m */; };
		AEF7F28C1A686E8B0022410B /* UIViewController+ECSlidingViewController.m in Sources */ = {isa = PBXBuildFile; fileRef = AEF7F27A1A686E8A0022410B /* UIViewController+ECSlidingViewController.m */; };
		AEF7F2931A686FA30022410B /* Theme.m in Sources */ = {isa = PBXBuildFile; fileRef = AEF7F2921A686FA30022410B /* Theme.m */; };
		AEF7F2941A686FA30022410B /* Theme.m in Sources */ = {isa = PBXBuildFile; fileRef = AEF7F2921A686FA30022410B /* Theme.m */; };
		AEF7F2971A686FDB0022410B /* HomeViewController.m in Sources */ = {isa = PBXBuildFile; fileRef = AEF7F2961A686FDB0022410B /* HomeViewController.m */; };
		AEF7F2981A686FDB0022410B /* HomeViewController.m in Sources */ = {isa = PBXBuildFile; fileRef = AEF7F2961A686FDB0022410B /* HomeViewController.m */; };
		AEF7F29B1A686FE90022410B /* NavigationBar.m in Sources */ = {isa = PBXBuildFile; fileRef = AEF7F29A1A686FE80022410B /* NavigationBar.m */; };
		AEF7F29C1A686FE90022410B /* NavigationBar.m in Sources */ = {isa = PBXBuildFile; fileRef = AEF7F29A1A686FE80022410B /* NavigationBar.m */; };
		AEF7F29D1A6871F00022410B /* Images.xcassets in Resources */ = {isa = PBXBuildFile; fileRef = AE01724C1A65CD8E0014266F /* Images.xcassets */; };
		AEF7F2A01A6875360022410B /* Main.storyboard in Resources */ = {isa = PBXBuildFile; fileRef = AEF7F29E1A6875360022410B /* Main.storyboard */; };
		AEF7F2A11A6875360022410B /* Main.storyboard in Resources */ = {isa = PBXBuildFile; fileRef = AEF7F29E1A6875360022410B /* Main.storyboard */; };
		AEF7F2AB1A6884950022410B /* CustomBarItem.m in Sources */ = {isa = PBXBuildFile; fileRef = AEF7F2A81A6884950022410B /* CustomBarItem.m */; };
		AEF7F2AC1A6884950022410B /* CustomBarItem.m in Sources */ = {isa = PBXBuildFile; fileRef = AEF7F2A81A6884950022410B /* CustomBarItem.m */; };
		AEF7F2AD1A6884950022410B /* UINavigationItem+CustomItem.m in Sources */ = {isa = PBXBuildFile; fileRef = AEF7F2AA1A6884950022410B /* UINavigationItem+CustomItem.m */; };
		AEF7F2AE1A6884950022410B /* UINavigationItem+CustomItem.m in Sources */ = {isa = PBXBuildFile; fileRef = AEF7F2AA1A6884950022410B /* UINavigationItem+CustomItem.m */; };
/* End PBXBuildFile section */

/* Begin PBXContainerItemProxy section */
		AE0172561A65CD8E0014266F /* PBXContainerItemProxy */ = {
			isa = PBXContainerItemProxy;
			containerPortal = AE0172311A65CD8E0014266F /* Project object */;
			proxyType = 1;
			remoteGlobalIDString = AE0172381A65CD8E0014266F;
			remoteInfo = Wish;
		};
/* End PBXContainerItemProxy section */

/* Begin PBXFileReference section */
		AE0172391A65CD8E0014266F /* Wish.app */ = {isa = PBXFileReference; explicitFileType = wrapper.application; includeInIndex = 0; path = Wish.app; sourceTree = BUILT_PRODUCTS_DIR; };
		AE01723D1A65CD8E0014266F /* Info.plist */ = {isa = PBXFileReference; lastKnownFileType = text.plist.xml; path = Info.plist; sourceTree = "<group>"; };
		AE01723E1A65CD8E0014266F /* main.m */ = {isa = PBXFileReference; lastKnownFileType = sourcecode.c.objc; path = main.m; sourceTree = "<group>"; };
		AE0172401A65CD8E0014266F /* AppDelegate.h */ = {isa = PBXFileReference; lastKnownFileType = sourcecode.c.h; path = AppDelegate.h; sourceTree = "<group>"; };
		AE0172411A65CD8E0014266F /* AppDelegate.m */ = {isa = PBXFileReference; lastKnownFileType = sourcecode.c.objc; path = AppDelegate.m; sourceTree = "<group>"; };
		AE0172441A65CD8E0014266F /* Wish.xcdatamodel */ = {isa = PBXFileReference; lastKnownFileType = wrapper.xcdatamodel; path = Wish.xcdatamodel; sourceTree = "<group>"; };
		AE01724C1A65CD8E0014266F /* Images.xcassets */ = {isa = PBXFileReference; lastKnownFileType = folder.assetcatalog; path = Images.xcassets; sourceTree = "<group>"; };
		AE01724F1A65CD8E0014266F /* Base */ = {isa = PBXFileReference; lastKnownFileType = file.xib; name = Base; path = Base.lproj/LaunchScreen.xib; sourceTree = "<group>"; };
		AE0172551A65CD8E0014266F /* WishTests.xctest */ = {isa = PBXFileReference; explicitFileType = wrapper.cfbundle; includeInIndex = 0; path = WishTests.xctest; sourceTree = BUILT_PRODUCTS_DIR; };
		AE01725A1A65CD8F0014266F /* Info.plist */ = {isa = PBXFileReference; lastKnownFileType = text.plist.xml; path = Info.plist; sourceTree = "<group>"; };
		AE01725B1A65CD8F0014266F /* WishTests.m */ = {isa = PBXFileReference; lastKnownFileType = sourcecode.c.objc; path = WishTests.m; sourceTree = "<group>"; };
		AE0172671A65D3140014266F /* MenuViewController.h */ = {isa = PBXFileReference; fileEncoding = 4; lastKnownFileType = sourcecode.c.h; path = MenuViewController.h; sourceTree = "<group>"; };
		AE0172681A65D3140014266F /* MenuViewController.m */ = {isa = PBXFileReference; fileEncoding = 4; lastKnownFileType = sourcecode.c.objc; path = MenuViewController.m; sourceTree = "<group>"; };
		AE1B6E371A6D884F0026F3CE /* HomeCardView.xib */ = {isa = PBXFileReference; fileEncoding = 4; lastKnownFileType = file.xib; path = HomeCardView.xib; sourceTree = "<group>"; };
		AE1B6E3A1A6D89FC0026F3CE /* HomeCardView.h */ = {isa = PBXFileReference; fileEncoding = 4; lastKnownFileType = sourcecode.c.h; path = HomeCardView.h; sourceTree = "<group>"; };
		AE1B6E3B1A6D89FC0026F3CE /* HomeCardView.m */ = {isa = PBXFileReference; fileEncoding = 4; lastKnownFileType = sourcecode.c.objc; path = HomeCardView.m; sourceTree = "<group>"; };
		AE72E9531A66F2AA0046B38D /* MenuCell.h */ = {isa = PBXFileReference; fileEncoding = 4; lastKnownFileType = sourcecode.c.h; path = MenuCell.h; sourceTree = "<group>"; };
		AE72E9541A66F2AA0046B38D /* MenuCell.m */ = {isa = PBXFileReference; fileEncoding = 4; lastKnownFileType = sourcecode.c.objc; path = MenuCell.m; sourceTree = "<group>"; };
		AEF3E0CF1A6D9B7F00A1FE07 /* ZLPanGestureRecognizer.h */ = {isa = PBXFileReference; fileEncoding = 4; lastKnownFileType = sourcecode.c.h; path = ZLPanGestureRecognizer.h; sourceTree = "<group>"; };
		AEF3E0D01A6D9B7F00A1FE07 /* ZLPanGestureRecognizer.m */ = {isa = PBXFileReference; fileEncoding = 4; lastKnownFileType = sourcecode.c.objc; path = ZLPanGestureRecognizer.m; sourceTree = "<group>"; };
		AEF3E0D11A6D9B7F00A1FE07 /* ZLSwipeableView.h */ = {isa = PBXFileReference; fileEncoding = 4; lastKnownFileType = sourcecode.c.h; path = ZLSwipeableView.h; sourceTree = "<group>"; };
		AEF3E0D21A6D9B7F00A1FE07 /* ZLSwipeableView.m */ = {isa = PBXFileReference; fileEncoding = 4; lastKnownFileType = sourcecode.c.objc; path = ZLSwipeableView.m; sourceTree = "<group>"; };
		AEF7F26E1A686E8A0022410B /* ECPercentDrivenInteractiveTransition.h */ = {isa = PBXFileReference; fileEncoding = 4; lastKnownFileType = sourcecode.c.h; path = ECPercentDrivenInteractiveTransition.h; sourceTree = "<group>"; };
		AEF7F26F1A686E8A0022410B /* ECPercentDrivenInteractiveTransition.m */ = {isa = PBXFileReference; fileEncoding = 4; lastKnownFileType = sourcecode.c.objc; path = ECPercentDrivenInteractiveTransition.m; sourceTree = "<group>"; };
		AEF7F2701A686E8A0022410B /* ECSlidingAnimationController.h */ = {isa = PBXFileReference; fileEncoding = 4; lastKnownFileType = sourcecode.c.h; path = ECSlidingAnimationController.h; sourceTree = "<group>"; };
		AEF7F2711A686E8A0022410B /* ECSlidingAnimationController.m */ = {isa = PBXFileReference; fileEncoding = 4; lastKnownFileType = sourcecode.c.objc; path = ECSlidingAnimationController.m; sourceTree = "<group>"; };
		AEF7F2721A686E8A0022410B /* ECSlidingConstants.h */ = {isa = PBXFileReference; fileEncoding = 4; lastKnownFileType = sourcecode.c.h; path = ECSlidingConstants.h; sourceTree = "<group>"; };
		AEF7F2731A686E8A0022410B /* ECSlidingInteractiveTransition.h */ = {isa = PBXFileReference; fileEncoding = 4; lastKnownFileType = sourcecode.c.h; path = ECSlidingInteractiveTransition.h; sourceTree = "<group>"; };
		AEF7F2741A686E8A0022410B /* ECSlidingInteractiveTransition.m */ = {isa = PBXFileReference; fileEncoding = 4; lastKnownFileType = sourcecode.c.objc; path = ECSlidingInteractiveTransition.m; sourceTree = "<group>"; };
		AEF7F2751A686E8A0022410B /* ECSlidingSegue.h */ = {isa = PBXFileReference; fileEncoding = 4; lastKnownFileType = sourcecode.c.h; path = ECSlidingSegue.h; sourceTree = "<group>"; };
		AEF7F2761A686E8A0022410B /* ECSlidingSegue.m */ = {isa = PBXFileReference; fileEncoding = 4; lastKnownFileType = sourcecode.c.objc; path = ECSlidingSegue.m; sourceTree = "<group>"; };
		AEF7F2771A686E8A0022410B /* ECSlidingViewController.h */ = {isa = PBXFileReference; fileEncoding = 4; lastKnownFileType = sourcecode.c.h; path = ECSlidingViewController.h; sourceTree = "<group>"; };
		AEF7F2781A686E8A0022410B /* ECSlidingViewController.m */ = {isa = PBXFileReference; fileEncoding = 4; lastKnownFileType = sourcecode.c.objc; path = ECSlidingViewController.m; sourceTree = "<group>"; };
		AEF7F2791A686E8A0022410B /* UIViewController+ECSlidingViewController.h */ = {isa = PBXFileReference; fileEncoding = 4; lastKnownFileType = sourcecode.c.h; path = "UIViewController+ECSlidingViewController.h"; sourceTree = "<group>"; };
		AEF7F27A1A686E8A0022410B /* UIViewController+ECSlidingViewController.m */ = {isa = PBXFileReference; fileEncoding = 4; lastKnownFileType = sourcecode.c.objc; path = "UIViewController+ECSlidingViewController.m"; sourceTree = "<group>"; };
		AEF7F2911A686FA30022410B /* Theme.h */ = {isa = PBXFileReference; fileEncoding = 4; lastKnownFileType = sourcecode.c.h; path = Theme.h; sourceTree = "<group>"; };
		AEF7F2921A686FA30022410B /* Theme.m */ = {isa = PBXFileReference; fileEncoding = 4; lastKnownFileType = sourcecode.c.objc; path = Theme.m; sourceTree = "<group>"; };
		AEF7F2951A686FDB0022410B /* HomeViewController.h */ = {isa = PBXFileReference; fileEncoding = 4; lastKnownFileType = sourcecode.c.h; path = HomeViewController.h; sourceTree = "<group>"; };
		AEF7F2961A686FDB0022410B /* HomeViewController.m */ = {isa = PBXFileReference; fileEncoding = 4; lastKnownFileType = sourcecode.c.objc; path = HomeViewController.m; sourceTree = "<group>"; };
		AEF7F2991A686FE80022410B /* NavigationBar.h */ = {isa = PBXFileReference; fileEncoding = 4; lastKnownFileType = sourcecode.c.h; path = NavigationBar.h; sourceTree = "<group>"; };
		AEF7F29A1A686FE80022410B /* NavigationBar.m */ = {isa = PBXFileReference; fileEncoding = 4; lastKnownFileType = sourcecode.c.objc; path = NavigationBar.m; sourceTree = "<group>"; };
		AEF7F29F1A6875360022410B /* Base */ = {isa = PBXFileReference; lastKnownFileType = file.storyboard; name = Base; path = Base.lproj/Main.storyboard; sourceTree = "<group>"; };
		AEF7F2A71A6884950022410B /* CustomBarItem.h */ = {isa = PBXFileReference; fileEncoding = 4; lastKnownFileType = sourcecode.c.h; path = CustomBarItem.h; sourceTree = "<group>"; };
		AEF7F2A81A6884950022410B /* CustomBarItem.m */ = {isa = PBXFileReference; fileEncoding = 4; lastKnownFileType = sourcecode.c.objc; path = CustomBarItem.m; sourceTree = "<group>"; };
		AEF7F2A91A6884950022410B /* UINavigationItem+CustomItem.h */ = {isa = PBXFileReference; fileEncoding = 4; lastKnownFileType = sourcecode.c.h; path = "UINavigationItem+CustomItem.h"; sourceTree = "<group>"; };
		AEF7F2AA1A6884950022410B /* UINavigationItem+CustomItem.m */ = {isa = PBXFileReference; fileEncoding = 4; lastKnownFileType = sourcecode.c.objc; path = "UINavigationItem+CustomItem.m"; sourceTree = "<group>"; };
/* End PBXFileReference section */

/* Begin PBXFrameworksBuildPhase section */
		AE0172361A65CD8E0014266F /* Frameworks */ = {
			isa = PBXFrameworksBuildPhase;
			buildActionMask = 2147483647;
			files = (
			);
			runOnlyForDeploymentPostprocessing = 0;
		};
		AE0172521A65CD8E0014266F /* Frameworks */ = {
			isa = PBXFrameworksBuildPhase;
			buildActionMask = 2147483647;
			files = (
			);
			runOnlyForDeploymentPostprocessing = 0;
		};
/* End PBXFrameworksBuildPhase section */

/* Begin PBXGroup section */
		AE0172301A65CD8E0014266F = {
			isa = PBXGroup;
			children = (
				AE01723B1A65CD8E0014266F /* Wish */,
				AE0172581A65CD8E0014266F /* WishTests */,
				AE01723A1A65CD8E0014266F /* Products */,
				F3D9C90B14CD662C469ECA13 /* Frameworks */,
			);
			sourceTree = "<group>";
		};
		AE01723A1A65CD8E0014266F /* Products */ = {
			isa = PBXGroup;
			children = (
				AE0172391A65CD8E0014266F /* Wish.app */,
				AE0172551A65CD8E0014266F /* WishTests.xctest */,
			);
			name = Products;
			sourceTree = "<group>";
		};
		AE01723B1A65CD8E0014266F /* Wish */ = {
			isa = PBXGroup;
			children = (
				AEF7F2911A686FA30022410B /* Theme.h */,
				AEF7F2921A686FA30022410B /* Theme.m */,
				AE1B6E3A1A6D89FC0026F3CE /* HomeCardView.h */,
				AE1B6E3B1A6D89FC0026F3CE /* HomeCardView.m */,
				AE1B6E371A6D884F0026F3CE /* HomeCardView.xib */,
				AEF7F2991A686FE80022410B /* NavigationBar.h */,
				AEF7F29A1A686FE80022410B /* NavigationBar.m */,
				AE0172401A65CD8E0014266F /* AppDelegate.h */,
				AE0172411A65CD8E0014266F /* AppDelegate.m */,
				AE0172671A65D3140014266F /* MenuViewController.h */,
				AE0172681A65D3140014266F /* MenuViewController.m */,
				AEF7F2951A686FDB0022410B /* HomeViewController.h */,
				AEF7F2961A686FDB0022410B /* HomeViewController.m */,
				AE72E9531A66F2AA0046B38D /* MenuCell.h */,
				AE72E9541A66F2AA0046B38D /* MenuCell.m */,
				AEF7F29E1A6875360022410B /* Main.storyboard */,
				AE01724C1A65CD8E0014266F /* Images.xcassets */,
				AE01724E1A65CD8E0014266F /* LaunchScreen.xib */,
				AE0172431A65CD8E0014266F /* Wish.xcdatamodeld */,
				AE01723C1A65CD8E0014266F /* Supporting Files */,
			);
			path = Wish;
			sourceTree = "<group>";
		};
		AE01723C1A65CD8E0014266F /* Supporting Files */ = {
			isa = PBXGroup;
			children = (
				AEF7F2661A686E8A0022410B /* Third Party */,
				AE01723D1A65CD8E0014266F /* Info.plist */,
				AE01723E1A65CD8E0014266F /* main.m */,
			);
			name = "Supporting Files";
			sourceTree = "<group>";
		};
		AE0172581A65CD8E0014266F /* WishTests */ = {
			isa = PBXGroup;
			children = (
				AE01725B1A65CD8F0014266F /* WishTests.m */,
				AE0172591A65CD8F0014266F /* Supporting Files */,
			);
			path = WishTests;
			sourceTree = "<group>";
		};
		AE0172591A65CD8F0014266F /* Supporting Files */ = {
			isa = PBXGroup;
			children = (
				AE01725A1A65CD8F0014266F /* Info.plist */,
			);
			name = "Supporting Files";
			sourceTree = "<group>";
		};
		AEF3E0CE1A6D9B7F00A1FE07 /* ZLSwipeableView */ = {
			isa = PBXGroup;
			children = (
				AEF3E0CF1A6D9B7F00A1FE07 /* ZLPanGestureRecognizer.h */,
				AEF3E0D01A6D9B7F00A1FE07 /* ZLPanGestureRecognizer.m */,
				AEF3E0D11A6D9B7F00A1FE07 /* ZLSwipeableView.h */,
				AEF3E0D21A6D9B7F00A1FE07 /* ZLSwipeableView.m */,
			);
			name = ZLSwipeableView;
			path = ../ZLSwipeableView;
			sourceTree = "<group>";
		};
		AEF7F2661A686E8A0022410B /* Third Party */ = {
			isa = PBXGroup;
			children = (
				AEF3E0CE1A6D9B7F00A1FE07 /* ZLSwipeableView */,
				AEF7F2A61A6884950022410B /* CustomNavigationItem */,
				AEF7F26D1A686E8A0022410B /* ECSlidingViewController */,
			);
			path = "Third Party";
			sourceTree = "<group>";
		};
		AEF7F26D1A686E8A0022410B /* ECSlidingViewController */ = {
			isa = PBXGroup;
			children = (
				AEF7F26E1A686E8A0022410B /* ECPercentDrivenInteractiveTransition.h */,
				AEF7F26F1A686E8A0022410B /* ECPercentDrivenInteractiveTransition.m */,
				AEF7F2701A686E8A0022410B /* ECSlidingAnimationController.h */,
				AEF7F2711A686E8A0022410B /* ECSlidingAnimationController.m */,
				AEF7F2721A686E8A0022410B /* ECSlidingConstants.h */,
				AEF7F2731A686E8A0022410B /* ECSlidingInteractiveTransition.h */,
				AEF7F2741A686E8A0022410B /* ECSlidingInteractiveTransition.m */,
				AEF7F2751A686E8A0022410B /* ECSlidingSegue.h */,
				AEF7F2761A686E8A0022410B /* ECSlidingSegue.m */,
				AEF7F2771A686E8A0022410B /* ECSlidingViewController.h */,
				AEF7F2781A686E8A0022410B /* ECSlidingViewController.m */,
				AEF7F2791A686E8A0022410B /* UIViewController+ECSlidingViewController.h */,
				AEF7F27A1A686E8A0022410B /* UIViewController+ECSlidingViewController.m */,
			);
			name = ECSlidingViewController;
			path = ECSlidingViewController/ECSlidingViewController;
			sourceTree = "<group>";
		};
		AEF7F2A61A6884950022410B /* CustomNavigationItem */ = {
			isa = PBXGroup;
			children = (
				AEF7F2A71A6884950022410B /* CustomBarItem.h */,
				AEF7F2A81A6884950022410B /* CustomBarItem.m */,
				AEF7F2A91A6884950022410B /* UINavigationItem+CustomItem.h */,
				AEF7F2AA1A6884950022410B /* UINavigationItem+CustomItem.m */,
			);
			path = CustomNavigationItem;
			sourceTree = "<group>";
		};
		F3D9C90B14CD662C469ECA13 /* Frameworks */ = {
			isa = PBXGroup;
			children = (
			);
			name = Frameworks;
			sourceTree = "<group>";
		};
/* End PBXGroup section */

/* Begin PBXNativeTarget section */
		AE0172381A65CD8E0014266F /* Wish */ = {
			isa = PBXNativeTarget;
			buildConfigurationList = AE01725F1A65CD8F0014266F /* Build configuration list for PBXNativeTarget "Wish" */;
			buildPhases = (
				AE0172351A65CD8E0014266F /* Sources */,
				AE0172361A65CD8E0014266F /* Frameworks */,
				AE0172371A65CD8E0014266F /* Resources */,
			);
			buildRules = (
			);
			dependencies = (
			);
			name = Wish;
			productName = Wish;
			productReference = AE0172391A65CD8E0014266F /* Wish.app */;
			productType = "com.apple.product-type.application";
		};
		AE0172541A65CD8E0014266F /* WishTests */ = {
			isa = PBXNativeTarget;
			buildConfigurationList = AE0172621A65CD8F0014266F /* Build configuration list for PBXNativeTarget "WishTests" */;
			buildPhases = (
				AE0172511A65CD8E0014266F /* Sources */,
				AE0172521A65CD8E0014266F /* Frameworks */,
				AE0172531A65CD8E0014266F /* Resources */,
			);
			buildRules = (
			);
			dependencies = (
				AE0172571A65CD8E0014266F /* PBXTargetDependency */,
			);
			name = WishTests;
			productName = WishTests;
			productReference = AE0172551A65CD8E0014266F /* WishTests.xctest */;
			productType = "com.apple.product-type.bundle.unit-test";
		};
/* End PBXNativeTarget section */

/* Begin PBXProject section */
		AE0172311A65CD8E0014266F /* Project object */ = {
			isa = PBXProject;
			attributes = {
				LastUpgradeCheck = 0610;
				ORGANIZATIONNAME = "Xinyi Zhuang";
				TargetAttributes = {
					AE0172381A65CD8E0014266F = {
						CreatedOnToolsVersion = 6.1.1;
					};
					AE0172541A65CD8E0014266F = {
						CreatedOnToolsVersion = 6.1.1;
						TestTargetID = AE0172381A65CD8E0014266F;
					};
				};
			};
			buildConfigurationList = AE0172341A65CD8E0014266F /* Build configuration list for PBXProject "Wish" */;
			compatibilityVersion = "Xcode 3.2";
			developmentRegion = English;
			hasScannedForEncodings = 0;
			knownRegions = (
				en,
				Base,
			);
			mainGroup = AE0172301A65CD8E0014266F;
			productRefGroup = AE01723A1A65CD8E0014266F /* Products */;
			projectDirPath = "";
			projectRoot = "";
			targets = (
				AE0172381A65CD8E0014266F /* Wish */,
				AE0172541A65CD8E0014266F /* WishTests */,
			);
		};
/* End PBXProject section */

/* Begin PBXResourcesBuildPhase section */
		AE0172371A65CD8E0014266F /* Resources */ = {
			isa = PBXResourcesBuildPhase;
			buildActionMask = 2147483647;
			files = (
				AE01724D1A65CD8E0014266F /* Images.xcassets in Resources */,
				AEF7F2A01A6875360022410B /* Main.storyboard in Resources */,
				AE1B6E381A6D884F0026F3CE /* HomeCardView.xib in Resources */,
			);
			runOnlyForDeploymentPostprocessing = 0;
		};
		AE0172531A65CD8E0014266F /* Resources */ = {
			isa = PBXResourcesBuildPhase;
			buildActionMask = 2147483647;
			files = (
				AEF7F29D1A6871F00022410B /* Images.xcassets in Resources */,
				AEF7F2A11A6875360022410B /* Main.storyboard in Resources */,
				AE1B6E391A6D884F0026F3CE /* HomeCardView.xib in Resources */,
			);
			runOnlyForDeploymentPostprocessing = 0;
		};
/* End PBXResourcesBuildPhase section */

/* Begin PBXSourcesBuildPhase section */
		AE0172351A65CD8E0014266F /* Sources */ = {
			isa = PBXSourcesBuildPhase;
			buildActionMask = 2147483647;
			files = (
				AEF7F2851A686E8A0022410B /* ECSlidingInteractiveTransition.m in Sources */,
				AE1B6E3C1A6D89FC0026F3CE /* HomeCardView.m in Sources */,
				AE0172451A65CD8E0014266F /* Wish.xcdatamodeld in Sources */,
				AE0172421A65CD8E0014266F /* AppDelegate.m in Sources */,
				AEF7F2AB1A6884950022410B /* CustomBarItem.m in Sources */,
				AE01723F1A65CD8E0014266F /* main.m in Sources */,
				AEF3E0D51A6D9B7F00A1FE07 /* ZLSwipeableView.m in Sources */,
				AEF7F2811A686E8A0022410B /* ECPercentDrivenInteractiveTransition.m in Sources */,
				AEF7F2891A686E8A0022410B /* ECSlidingViewController.m in Sources */,
				AEF7F28B1A686E8B0022410B /* UIViewController+ECSlidingViewController.m in Sources */,
				AEF7F2931A686FA30022410B /* Theme.m in Sources */,
				AEF7F2971A686FDB0022410B /* HomeViewController.m in Sources */,
				AEF3E0D31A6D9B7F00A1FE07 /* ZLPanGestureRecognizer.m in Sources */,
				AEF7F2AD1A6884950022410B /* UINavigationItem+CustomItem.m in Sources */,
				AEF7F2831A686E8A0022410B /* ECSlidingAnimationController.m in Sources */,
				AEF7F2871A686E8A0022410B /* ECSlidingSegue.m in Sources */,
				AE0172691A65D3140014266F /* MenuViewController.m in Sources */,
				AE72E9551A66F2AA0046B38D /* MenuCell.m in Sources */,
				AEF7F29B1A686FE90022410B /* NavigationBar.m in Sources */,
			);
			runOnlyForDeploymentPostprocessing = 0;
		};
		AE0172511A65CD8E0014266F /* Sources */ = {
			isa = PBXSourcesBuildPhase;
			buildActionMask = 2147483647;
			files = (
				AEF7F2841A686E8A0022410B /* ECSlidingAnimationController.m in Sources */,
				AEF7F28C1A686E8B0022410B /* UIViewController+ECSlidingViewController.m in Sources */,
				AEF7F28A1A686E8B0022410B /* ECSlidingViewController.m in Sources */,
				AEF7F2941A686FA30022410B /* Theme.m in Sources */,
				AE01725C1A65CD8F0014266F /* WishTests.m in Sources */,
				AEF3E0D41A6D9B7F00A1FE07 /* ZLPanGestureRecognizer.m in Sources */,
				AEF7F2861A686E8A0022410B /* ECSlidingInteractiveTransition.m in Sources */,
				AE1B6E3D1A6D89FC0026F3CE /* HomeCardView.m in Sources */,
				AEF7F2821A686E8A0022410B /* ECPercentDrivenInteractiveTransition.m in Sources */,
				AEF3E0D61A6D9B7F00A1FE07 /* ZLSwipeableView.m in Sources */,
				AEF7F29C1A686FE90022410B /* NavigationBar.m in Sources */,
				AEF7F2AE1A6884950022410B /* UINavigationItem+CustomItem.m in Sources */,
				AEF7F2881A686E8A0022410B /* ECSlidingSegue.m in Sources */,
				AEF7F2AC1A6884950022410B /* CustomBarItem.m in Sources */,
				AE01726A1A65D3140014266F /* MenuViewController.m in Sources */,
				AEF7F2981A686FDB0022410B /* HomeViewController.m in Sources */,
			);
			runOnlyForDeploymentPostprocessing = 0;
		};
/* End PBXSourcesBuildPhase section */

/* Begin PBXTargetDependency section */
		AE0172571A65CD8E0014266F /* PBXTargetDependency */ = {
			isa = PBXTargetDependency;
			target = AE0172381A65CD8E0014266F /* Wish */;
			targetProxy = AE0172561A65CD8E0014266F /* PBXContainerItemProxy */;
		};
/* End PBXTargetDependency section */

/* Begin PBXVariantGroup section */
		AE01724E1A65CD8E0014266F /* LaunchScreen.xib */ = {
			isa = PBXVariantGroup;
			children = (
				AE01724F1A65CD8E0014266F /* Base */,
			);
			name = LaunchScreen.xib;
			sourceTree = "<group>";
		};
		AEF7F29E1A6875360022410B /* Main.storyboard */ = {
			isa = PBXVariantGroup;
			children = (
				AEF7F29F1A6875360022410B /* Base */,
			);
			name = Main.storyboard;
			sourceTree = "<group>";
		};
/* End PBXVariantGroup section */

/* Begin XCBuildConfiguration section */
		AE01725D1A65CD8F0014266F /* Debug */ = {
			isa = XCBuildConfiguration;
			buildSettings = {
				ALWAYS_SEARCH_USER_PATHS = NO;
				CLANG_CXX_LANGUAGE_STANDARD = "gnu++0x";
				CLANG_CXX_LIBRARY = "libc++";
				CLANG_ENABLE_MODULES = YES;
				CLANG_ENABLE_OBJC_ARC = YES;
				CLANG_WARN_BOOL_CONVERSION = YES;
				CLANG_WARN_CONSTANT_CONVERSION = YES;
				CLANG_WARN_DIRECT_OBJC_ISA_USAGE = YES_ERROR;
				CLANG_WARN_EMPTY_BODY = YES;
				CLANG_WARN_ENUM_CONVERSION = YES;
				CLANG_WARN_INT_CONVERSION = YES;
				CLANG_WARN_OBJC_ROOT_CLASS = YES_ERROR;
				CLANG_WARN_UNREACHABLE_CODE = YES;
				CLANG_WARN__DUPLICATE_METHOD_MATCH = YES;
				"CODE_SIGN_IDENTITY[sdk=iphoneos*]" = "iPhone Developer";
				COPY_PHASE_STRIP = NO;
				ENABLE_STRICT_OBJC_MSGSEND = YES;
				GCC_C_LANGUAGE_STANDARD = gnu99;
				GCC_DYNAMIC_NO_PIC = NO;
				GCC_OPTIMIZATION_LEVEL = 0;
				GCC_PREPROCESSOR_DEFINITIONS = (
					"DEBUG=1",
					"$(inherited)",
				);
				GCC_SYMBOLS_PRIVATE_EXTERN = NO;
				GCC_WARN_64_TO_32_BIT_CONVERSION = YES;
				GCC_WARN_ABOUT_RETURN_TYPE = YES_ERROR;
				GCC_WARN_UNDECLARED_SELECTOR = YES;
				GCC_WARN_UNINITIALIZED_AUTOS = YES_AGGRESSIVE;
				GCC_WARN_UNUSED_FUNCTION = YES;
				GCC_WARN_UNUSED_VARIABLE = YES;
				IPHONEOS_DEPLOYMENT_TARGET = 7.1;
				MTL_ENABLE_DEBUG_INFO = YES;
				ONLY_ACTIVE_ARCH = YES;
				SDKROOT = iphoneos;
			};
			name = Debug;
		};
		AE01725E1A65CD8F0014266F /* Release */ = {
			isa = XCBuildConfiguration;
			buildSettings = {
				ALWAYS_SEARCH_USER_PATHS = NO;
				CLANG_CXX_LANGUAGE_STANDARD = "gnu++0x";
				CLANG_CXX_LIBRARY = "libc++";
				CLANG_ENABLE_MODULES = YES;
				CLANG_ENABLE_OBJC_ARC = YES;
				CLANG_WARN_BOOL_CONVERSION = YES;
				CLANG_WARN_CONSTANT_CONVERSION = YES;
				CLANG_WARN_DIRECT_OBJC_ISA_USAGE = YES_ERROR;
				CLANG_WARN_EMPTY_BODY = YES;
				CLANG_WARN_ENUM_CONVERSION = YES;
				CLANG_WARN_INT_CONVERSION = YES;
				CLANG_WARN_OBJC_ROOT_CLASS = YES_ERROR;
				CLANG_WARN_UNREACHABLE_CODE = YES;
				CLANG_WARN__DUPLICATE_METHOD_MATCH = YES;
				"CODE_SIGN_IDENTITY[sdk=iphoneos*]" = "iPhone Developer";
				COPY_PHASE_STRIP = YES;
				ENABLE_NS_ASSERTIONS = NO;
				ENABLE_STRICT_OBJC_MSGSEND = YES;
				GCC_C_LANGUAGE_STANDARD = gnu99;
				GCC_WARN_64_TO_32_BIT_CONVERSION = YES;
				GCC_WARN_ABOUT_RETURN_TYPE = YES_ERROR;
				GCC_WARN_UNDECLARED_SELECTOR = YES;
				GCC_WARN_UNINITIALIZED_AUTOS = YES_AGGRESSIVE;
				GCC_WARN_UNUSED_FUNCTION = YES;
				GCC_WARN_UNUSED_VARIABLE = YES;
				IPHONEOS_DEPLOYMENT_TARGET = 7.1;
				MTL_ENABLE_DEBUG_INFO = NO;
				SDKROOT = iphoneos;
				VALIDATE_PRODUCT = YES;
			};
			name = Release;
		};
		AE0172601A65CD8F0014266F /* Debug */ = {
			isa = XCBuildConfiguration;
			buildSettings = {
				ASSETCATALOG_COMPILER_APPICON_NAME = AppIcon;
				ASSETCATALOG_COMPILER_LAUNCHIMAGE_NAME = LaunchImage;
				INFOPLIST_FILE = Wish/Info.plist;
				IPHONEOS_DEPLOYMENT_TARGET = 7.1;
				LD_RUNPATH_SEARCH_PATHS = "$(inherited) @executable_path/Frameworks";
				PRODUCT_NAME = "$(TARGET_NAME)";
			};
			name = Debug;
		};
		AE0172611A65CD8F0014266F /* Release */ = {
			isa = XCBuildConfiguration;
			buildSettings = {
				ASSETCATALOG_COMPILER_APPICON_NAME = AppIcon;
				ASSETCATALOG_COMPILER_LAUNCHIMAGE_NAME = LaunchImage;
				INFOPLIST_FILE = Wish/Info.plist;
				IPHONEOS_DEPLOYMENT_TARGET = 7.1;
				LD_RUNPATH_SEARCH_PATHS = "$(inherited) @executable_path/Frameworks";
				PRODUCT_NAME = "$(TARGET_NAME)";
			};
			name = Release;
		};
		AE0172631A65CD8F0014266F /* Debug */ = {
			isa = XCBuildConfiguration;
			buildSettings = {
				BUNDLE_LOADER = "$(TEST_HOST)";
				FRAMEWORK_SEARCH_PATHS = (
					"$(SDKROOT)/Developer/Library/Frameworks",
					"$(inherited)",
				);
				GCC_PREPROCESSOR_DEFINITIONS = (
					"DEBUG=1",
					"$(inherited)",
				);
				INFOPLIST_FILE = WishTests/Info.plist;
				LD_RUNPATH_SEARCH_PATHS = "$(inherited) @executable_path/Frameworks @loader_path/Frameworks";
				PRODUCT_NAME = "$(TARGET_NAME)";
				TEST_HOST = "$(BUILT_PRODUCTS_DIR)/Wish.app/Wish";
			};
			name = Debug;
		};
		AE0172641A65CD8F0014266F /* Release */ = {
			isa = XCBuildConfiguration;
			buildSettings = {
				BUNDLE_LOADER = "$(TEST_HOST)";
				FRAMEWORK_SEARCH_PATHS = (
					"$(SDKROOT)/Developer/Library/Frameworks",
					"$(inherited)",
				);
				INFOPLIST_FILE = WishTests/Info.plist;
				LD_RUNPATH_SEARCH_PATHS = "$(inherited) @executable_path/Frameworks @loader_path/Frameworks";
				PRODUCT_NAME = "$(TARGET_NAME)";
				TEST_HOST = "$(BUILT_PRODUCTS_DIR)/Wish.app/Wish";
			};
			name = Release;
		};
/* End XCBuildConfiguration section */

/* Begin XCConfigurationList section */
		AE0172341A65CD8E0014266F /* Build configuration list for PBXProject "Wish" */ = {
			isa = XCConfigurationList;
			buildConfigurations = (
				AE01725D1A65CD8F0014266F /* Debug */,
				AE01725E1A65CD8F0014266F /* Release */,
			);
			defaultConfigurationIsVisible = 0;
			defaultConfigurationName = Release;
		};
		AE01725F1A65CD8F0014266F /* Build configuration list for PBXNativeTarget "Wish" */ = {
			isa = XCConfigurationList;
			buildConfigurations = (
				AE0172601A65CD8F0014266F /* Debug */,
				AE0172611A65CD8F0014266F /* Release */,
			);
			defaultConfigurationIsVisible = 0;
			defaultConfigurationName = Release;
		};
		AE0172621A65CD8F0014266F /* Build configuration list for PBXNativeTarget "WishTests" */ = {
			isa = XCConfigurationList;
			buildConfigurations = (
				AE0172631A65CD8F0014266F /* Debug */,
				AE0172641A65CD8F0014266F /* Release */,
			);
			defaultConfigurationIsVisible = 0;
			defaultConfigurationName = Release;
		};
/* End XCConfigurationList section */

/* Begin XCVersionGroup section */
		AE0172431A65CD8E0014266F /* Wish.xcdatamodeld */ = {
			isa = XCVersionGroup;
			children = (
				AE0172441A65CD8E0014266F /* Wish.xcdatamodel */,
			);
			currentVersion = AE0172441A65CD8E0014266F /* Wish.xcdatamodel */;
			path = Wish.xcdatamodeld;
			sourceTree = "<group>";
			versionGroupType = wrapper.xcdatamodel;
		};
/* End XCVersionGroup section */
	};
	rootObject = AE0172311A65CD8E0014266F /* Project object */;
}
